
Microsoft Visual Studio Solution File, Format Version 12.00
# Visual Studio 15
VisualStudioVersion = 15.0.27428.2015
MinimumVisualStudioVersion = 10.0.40219.1
Project("{FAE04EC0-301F-11D3-BF4B-00C04F79EFBC}") = "aDevLib", "aDevLib\aDevLib.csproj", "{78A71905-B273-4FCB-89AE-94A7120C1DD7}"
EndProject
Project("{9A19103F-16F7-4668-BE54-9A1E7A4F7556}") = "aDevLibStandard", "aDevLibStandard\aDevLibStandard.csproj", "{3CF7FC5D-22A9-4EB6-8BA6-4D899973D89C}"
EndProject
Project("{FAE04EC0-301F-11D3-BF4B-00C04F79EFBC}") = "aDevLibWPF", "aDevLibWPF\aDevLibWPF.csproj", "{F1FDECFF-5346-40C2-A418-4A63D65AC01E}"
EndProject
Project("{FAE04EC0-301F-11D3-BF4B-00C04F79EFBC}") = "HtmlAgilityExtended", "HtmlAgilityExtended\HtmlAgilityExtended.csproj", "{D5B58499-78A0-444E-AF34-0143137A7944}"
EndProject
Project("{FAE04EC0-301F-11D3-BF4B-00C04F79EFBC}") = "TTC.Utils.Environment", "..\VMDetect\TTC.Utils.Environment\TTC.Utils.Environment.csproj", "{B32041A6-563B-46A3-89D3-343C39849B7E}"
EndProject
Project("{FAE04EC0-301F-11D3-BF4B-00C04F79EFBC}") = "MouseSimulatorExtended", "MouseSimulatorExtended\MouseSimulatorExtended.csproj", "{C46D299A-163C-4EF6-92B0-C2E41A34038C}"
EndProject
Global
	GlobalSection(SolutionConfigurationPlatforms) = preSolution
		Debug|Any CPU = Debug|Any CPU
		Debug|x64 = Debug|x64
		Debug|x86 = Debug|x86
		Release|Any CPU = Release|Any CPU
		Release|x64 = Release|x64
		Release|x86 = Release|x86
	EndGlobalSection
	GlobalSection(ProjectConfigurationPlatforms) = postSolution
		{78A71905-B273-4FCB-89AE-94A7120C1DD7}.Debug|Any CPU.ActiveCfg = Debug|Any CPU
		{78A71905-B273-4FCB-89AE-94A7120C1DD7}.Debug|Any CPU.Build.0 = Debug|Any CPU
		{78A71905-B273-4FCB-89AE-94A7120C1DD7}.Debug|x64.ActiveCfg = Debug|Any CPU
		{78A71905-B273-4FCB-89AE-94A7120C1DD7}.Debug|x64.Build.0 = Debug|Any CPU
		{78A71905-B273-4FCB-89AE-94A7120C1DD7}.Debug|x86.ActiveCfg = Debug|Any CPU
		{78A71905-B273-4FCB-89AE-94A7120C1DD7}.Debug|x86.Build.0 = Debug|Any CPU
		{78A71905-B273-4FCB-89AE-94A7120C1DD7}.Release|Any CPU.ActiveCfg = Release|Any CPU
		{78A71905-B273-4FCB-89AE-94A7120C1DD7}.Release|Any CPU.Build.0 = Release|Any CPU
		{78A71905-B273-4FCB-89AE-94A7120C1DD7}.Release|x64.ActiveCfg = Release|Any CPU
		{78A71905-B273-4FCB-89AE-94A7120C1DD7}.Release|x64.Build.0 = Release|Any CPU
		{78A71905-B273-4FCB-89AE-94A7120C1DD7}.Release|x86.ActiveCfg = Release|Any CPU
		{78A71905-B273-4FCB-89AE-94A7120C1DD7}.Release|x86.Build.0 = Release|Any CPU
		{3CF7FC5D-22A9-4EB6-8BA6-4D899973D89C}.Debug|Any CPU.ActiveCfg = Debug|Any CPU
		{3CF7FC5D-22A9-4EB6-8BA6-4D899973D89C}.Debug|Any CPU.Build.0 = Debug|Any CPU
		{3CF7FC5D-22A9-4EB6-8BA6-4D899973D89C}.Debug|x64.ActiveCfg = Debug|Any CPU
		{3CF7FC5D-22A9-4EB6-8BA6-4D899973D89C}.Debug|x64.Build.0 = Debug|Any CPU
		{3CF7FC5D-22A9-4EB6-8BA6-4D899973D89C}.Debug|x86.ActiveCfg = Debug|Any CPU
		{3CF7FC5D-22A9-4EB6-8BA6-4D899973D89C}.Debug|x86.Build.0 = Debug|Any CPU
		{3CF7FC5D-22A9-4EB6-8BA6-4D899973D89C}.Release|Any CPU.ActiveCfg = Release|Any CPU
		{3CF7FC5D-22A9-4EB6-8BA6-4D899973D89C}.Release|Any CPU.Build.0 = Release|Any CPU
		{3CF7FC5D-22A9-4EB6-8BA6-4D899973D89C}.Release|x64.ActiveCfg = Release|Any CPU
		{3CF7FC5D-22A9-4EB6-8BA6-4D899973D89C}.Release|x64.Build.0 = Release|Any CPU
		{3CF7FC5D-22A9-4EB6-8BA6-4D899973D89C}.Release|x86.ActiveCfg = Release|Any CPU
		{3CF7FC5D-22A9-4EB6-8BA6-4D899973D89C}.Release|x86.Build.0 = Release|Any CPU
		{F1FDECFF-5346-40C2-A418-4A63D65AC01E}.Debug|Any CPU.ActiveCfg = Debug|Any CPU
		{F1FDECFF-5346-40C2-A418-4A63D65AC01E}.Debug|Any CPU.Build.0 = Debug|Any CPU
		{F1FDECFF-5346-40C2-A418-4A63D65AC01E}.Debug|x64.ActiveCfg = Debug|Any CPU
		{F1FDECFF-5346-40C2-A418-4A63D65AC01E}.Debug|x64.Build.0 = Debug|Any CPU
		{F1FDECFF-5346-40C2-A418-4A63D65AC01E}.Debug|x86.ActiveCfg = Debug|Any CPU
		{F1FDECFF-5346-40C2-A418-4A63D65AC01E}.Debug|x86.Build.0 = Debug|Any CPU
		{F1FDECFF-5346-40C2-A418-4A63D65AC01E}.Release|Any CPU.ActiveCfg = Release|Any CPU
		{F1FDECFF-5346-40C2-A418-4A63D65AC01E}.Release|Any CPU.Build.0 = Release|Any CPU
		{F1FDECFF-5346-40C2-A418-4A63D65AC01E}.Release|x64.ActiveCfg = Release|Any CPU
		{F1FDECFF-5346-40C2-A418-4A63D65AC01E}.Release|x64.Build.0 = Release|Any CPU
		{F1FDECFF-5346-40C2-A418-4A63D65AC01E}.Release|x86.ActiveCfg = Release|Any CPU
		{F1FDECFF-5346-40C2-A418-4A63D65AC01E}.Release|x86.Build.0 = Release|Any CPU
		{D5B58499-78A0-444E-AF34-0143137A7944}.Debug|Any CPU.ActiveCfg = Debug|Any CPU
		{D5B58499-78A0-444E-AF34-0143137A7944}.Debug|Any CPU.Build.0 = Debug|Any CPU
		{D5B58499-78A0-444E-AF34-0143137A7944}.Debug|x64.ActiveCfg = Debug|Any CPU
		{D5B58499-78A0-444E-AF34-0143137A7944}.Debug|x64.Build.0 = Debug|Any CPU
		{D5B58499-78A0-444E-AF34-0143137A7944}.Debug|x86.ActiveCfg = Debug|Any CPU
		{D5B58499-78A0-444E-AF34-0143137A7944}.Debug|x86.Build.0 = Debug|Any CPU
		{D5B58499-78A0-444E-AF34-0143137A7944}.Release|Any CPU.ActiveCfg = Release|Any CPU
		{D5B58499-78A0-444E-AF34-0143137A7944}.Release|Any CPU.Build.0 = Release|Any CPU
		{D5B58499-78A0-444E-AF34-0143137A7944}.Release|x64.ActiveCfg = Release|Any CPU
		{D5B58499-78A0-444E-AF34-0143137A7944}.Release|x64.Build.0 = Release|Any CPU
		{D5B58499-78A0-444E-AF34-0143137A7944}.Release|x86.ActiveCfg = Release|Any CPU
		{D5B58499-78A0-444E-AF34-0143137A7944}.Release|x86.Build.0 = Release|Any CPU
		{B32041A6-563B-46A3-89D3-343C39849B7E}.Debug|Any CPU.ActiveCfg = Debug|Any CPU
		{B32041A6-563B-46A3-89D3-343C39849B7E}.Debug|Any CPU.Build.0 = Debug|Any CPU
		{B32041A6-563B-46A3-89D3-343C39849B7E}.Debug|x64.ActiveCfg = Debug|x64
		{B32041A6-563B-46A3-89D3-343C39849B7E}.Debug|x64.Build.0 = Debug|x64
		{B32041A6-563B-46A3-89D3-343C39849B7E}.Debug|x86.ActiveCfg = Debug|x86
		{B32041A6-563B-46A3-89D3-343C39849B7E}.Debug|x86.Build.0 = Debug|x86
		{B32041A6-563B-46A3-89D3-343C39849B7E}.Release|Any CPU.ActiveCfg = Release|Any CPU
		{B32041A6-563B-46A3-89D3-343C39849B7E}.Release|Any CPU.Build.0 = Release|Any CPU
		{B32041A6-563B-46A3-89D3-343C39849B7E}.Release|x64.ActiveCfg = Release|x64
		{B32041A6-563B-46A3-89D3-343C39849B7E}.Release|x64.Build.0 = Release|x64
		{B32041A6-563B-46A3-89D3-343C39849B7E}.Release|x86.ActiveCfg = Release|x86
		{B32041A6-563B-46A3-89D3-343C39849B7E}.Release|x86.Build.0 = Release|x86
		{C46D299A-163C-4EF6-92B0-C2E41A34038C}.Debug|Any CPU.ActiveCfg = Debug|Any CPU
		{C46D299A-163C-4EF6-92B0-C2E41A34038C}.Debug|Any CPU.Build.0 = Debug|Any CPU
		{C46D299A-163C-4EF6-92B0-C2E41A34038C}.Debug|x64.ActiveCfg = Debug|Any CPU
		{C46D299A-163C-4EF6-92B0-C2E41A34038C}.Debug|x64.Build.0 = Debug|Any CPU
		{C46D299A-163C-4EF6-92B0-C2E41A34038C}.Debug|x86.ActiveCfg = Debug|Any CPU
		{C46D299A-163C-4EF6-92B0-C2E41A34038C}.Debug|x86.Build.0 = Debug|Any CPU
		{C46D299A-163C-4EF6-92B0-C2E41A34038C}.Release|Any CPU.ActiveCfg = Release|Any CPU
		{C46D299A-163C-4EF6-92B0-C2E41A34038C}.Release|Any CPU.Build.0 = Release|Any CPU
		{C46D299A-163C-4EF6-92B0-C2E41A34038C}.Release|x64.ActiveCfg = Release|Any CPU
		{C46D299A-163C-4EF6-92B0-C2E41A34038C}.Release|x64.Build.0 = Release|Any CPU
		{C46D299A-163C-4EF6-92B0-C2E41A34038C}.Release|x86.ActiveCfg = Release|Any CPU
		{C46D299A-163C-4EF6-92B0-C2E41A34038C}.Release|x86.Build.0 = Release|Any CPU
	EndGlobalSection
	GlobalSection(SolutionProperties) = preSolution
		HideSolutionNode = FALSE
	EndGlobalSection
	GlobalSection(ExtensibilityGlobals) = postSolution
		SolutionGuid = {6651E5FE-564B-4907-9EE1-452CBEE27BD2}
	EndGlobalSection
EndGlobal
